
Microsoft Visual Studio Solution File, Format Version 12.00
# Visual Studio Version 16
VisualStudioVersion = 16.0.33214.272
MinimumVisualStudioVersion = 10.0.40219.1
Project("{FAE04EC0-301F-11D3-BF4B-00C04F79EFBC}") = "HTTP5112_0NA_Assignment1_CatherineTran", "HTTP5112_0NA_Assignment1_CatherineTran\HTTP5112_0NA_Assignment1_CatherineTran.csproj", "{7C67F2F6-6D5E-4C9C-9E80-8488D899F395}"
EndProject
Global
	GlobalSection(SolutionConfigurationPlatforms) = preSolution
		Debug|Any CPU = Debug|Any CPU
		Release|Any CPU = Release|Any CPU
	EndGlobalSection
	GlobalSection(ProjectConfigurationPlatforms) = postSolution
		{7C67F2F6-6D5E-4C9C-9E80-8488D899F395}.Debug|Any CPU.ActiveCfg = Debug|Any CPU
		{7C67F2F6-6D5E-4C9C-9E80-8488D899F395}.Debug|Any CPU.Build.0 = Debug|Any CPU
		{7C67F2F6-6D5E-4C9C-9E80-8488D899F395}.Release|Any CPU.ActiveCfg = Release|Any CPU
		{7C67F2F6-6D5E-4C9C-9E80-8488D899F395}.Release|Any CPU.Build.0 = Release|Any CPU
	EndGlobalSection
	GlobalSection(SolutionProperties) = preSolution
		HideSolutionNode = FALSE
	EndGlobalSection
	GlobalSection(ExtensibilityGlobals) = postSolution
		SolutionGuid = {FA369E30-1704-49C9-A593-5784F6E00D1C}
	EndGlobalSection
EndGlobal
